
Microsoft Visual Studio Solution File, Format Version 12.00
# Visual Studio Version 16
VisualStudioVersion = 16.0.29806.167
MinimumVisualStudioVersion = 10.0.40219.1
Project("{FAE04EC0-301F-11D3-BF4B-00C04F79EFBC}") = "AvalonPoor", "AvalonPoor\AvalonPoor.csproj", "{D0F90B98-3D21-4819-9A1A-257F53DC9E71}"
EndProject
Global
	GlobalSection(SolutionConfigurationPlatforms) = preSolution
		Debug|Any CPU = Debug|Any CPU
		Release|Any CPU = Release|Any CPU
	EndGlobalSection
	GlobalSection(ProjectConfigurationPlatforms) = postSolution
		{D0F90B98-3D21-4819-9A1A-257F53DC9E71}.Debug|Any CPU.ActiveCfg = Debug|Any CPU
		{D0F90B98-3D21-4819-9A1A-257F53DC9E71}.Debug|Any CPU.Build.0 = Debug|Any CPU
		{D0F90B98-3D21-4819-9A1A-257F53DC9E71}.Release|Any CPU.ActiveCfg = Release|Any CPU
		{D0F90B98-3D21-4819-9A1A-257F53DC9E71}.Release|Any CPU.Build.0 = Release|Any CPU
	EndGlobalSection
	GlobalSection(SolutionProperties) = preSolution
		HideSolutionNode = FALSE
	EndGlobalSection
	GlobalSection(ExtensibilityGlobals) = postSolution
		SolutionGuid = {6866FC63-B271-4E96-88FA-59EB3D009AA5}
	EndGlobalSection
EndGlobal
